
Microsoft Visual Studio Solution File, Format Version 12.00
# Visual Studio 15
VisualStudioVersion = 15.0.28307.539
MinimumVisualStudioVersion = 10.0.40219.1
Project("{FAE04EC0-301F-11D3-BF4B-00C04F79EFBC}") = "FightSim", "FightSim\FightSim.csproj", "{61950024-FA72-4AC1-881D-75F65E0EDA4A}"
EndProject
Global
	GlobalSection(SolutionConfigurationPlatforms) = preSolution
		Debug|Any CPU = Debug|Any CPU
		Release|Any CPU = Release|Any CPU
	EndGlobalSection
	GlobalSection(ProjectConfigurationPlatforms) = postSolution
		{61950024-FA72-4AC1-881D-75F65E0EDA4A}.Debug|Any CPU.ActiveCfg = Debug|Any CPU
		{61950024-FA72-4AC1-881D-75F65E0EDA4A}.Debug|Any CPU.Build.0 = Debug|Any CPU
		{61950024-FA72-4AC1-881D-75F65E0EDA4A}.Release|Any CPU.ActiveCfg = Release|Any CPU
		{61950024-FA72-4AC1-881D-75F65E0EDA4A}.Release|Any CPU.Build.0 = Release|Any CPU
	EndGlobalSection
	GlobalSection(SolutionProperties) = preSolution
		HideSolutionNode = FALSE
	EndGlobalSection
	GlobalSection(ExtensibilityGlobals) = postSolution
		SolutionGuid = {885232FA-92A8-4B32-B160-20FF8D3B16D0}
	EndGlobalSection
EndGlobal
